{
	"requires": true,
	"lockfileVersion": 1,
	"dependencies": {
		"@smartface/smartface.ui-editor": {
			"version": "6.15.1",
			"resolved": "https://registry.npmjs.org/@smartface/smartface.ui-editor/-/smartface.ui-editor-6.15.1.tgz",
			"integrity": "sha512-EeQt6xm3FjWJDAsfL2yHCEFKi2pPqQZuaIKlQrUgDOMPozbBspoO2acoHExy/anJzIP5DlpoNPsKTmeKiNldpQ=="
		},
		"typescript": {
			"version": "3.8.3",
			"resolved": "https://registry.npmjs.org/typescript/-/typescript-3.8.3.tgz",
			"integrity": "sha512-MYlEfn5VrLNsgudQTVJeNaQFUAI7DkhnOjdpAp4T+ku1TfQClewlbSuTVHiA+8skNBgaf02TL/kLOvig4y3G8w==",
			"dev": true
		}
	}
}
